
Microsoft Visual Studio Solution File, Format Version 12.00
# Visual Studio 15
Project("{FAE04EC0-301F-11D3-BF4B-00C04F79EFBC}") = "Assembly-CSharp", "Assembly-CSharp.csproj", "{4F8FC54F-A3D2-7DB0-7AFA-EEB137B1E5FE}"
EndProject
Project("{FAE04EC0-301F-11D3-BF4B-00C04F79EFBC}") = "Assembly-CSharp-Editor", "Assembly-CSharp-Editor.csproj", "{0502A92C-919B-CBEF-2A81-8A4953FB36E7}"
EndProject
Global
	GlobalSection(SolutionConfigurationPlatforms) = preSolution
		Debug|Any CPU = Debug|Any CPU
		Release|Any CPU = Release|Any CPU
	EndGlobalSection
	GlobalSection(ProjectConfigurationPlatforms) = postSolution
		{4F8FC54F-A3D2-7DB0-7AFA-EEB137B1E5FE}.Debug|Any CPU.ActiveCfg = Debug|Any CPU
		{4F8FC54F-A3D2-7DB0-7AFA-EEB137B1E5FE}.Debug|Any CPU.Build.0 = Debug|Any CPU
		{4F8FC54F-A3D2-7DB0-7AFA-EEB137B1E5FE}.Release|Any CPU.ActiveCfg = Release|Any CPU
		{4F8FC54F-A3D2-7DB0-7AFA-EEB137B1E5FE}.Release|Any CPU.Build.0 = Release|Any CPU
		{0502A92C-919B-CBEF-2A81-8A4953FB36E7}.Debug|Any CPU.ActiveCfg = Debug|Any CPU
		{0502A92C-919B-CBEF-2A81-8A4953FB36E7}.Debug|Any CPU.Build.0 = Debug|Any CPU
		{0502A92C-919B-CBEF-2A81-8A4953FB36E7}.Release|Any CPU.ActiveCfg = Release|Any CPU
		{0502A92C-919B-CBEF-2A81-8A4953FB36E7}.Release|Any CPU.Build.0 = Release|Any CPU
	EndGlobalSection
	GlobalSection(SolutionProperties) = preSolution
		HideSolutionNode = FALSE
	EndGlobalSection
EndGlobal
